
Microsoft Visual Studio Solution File, Format Version 12.00
# Visual Studio Version 17
VisualStudioVersion = 17.2.32516.85
MinimumVisualStudioVersion = 10.0.40219.1
Project("{FAE04EC0-301F-11D3-BF4B-00C04F79EFBC}") = "CafeApp", "CafeApp\CafeApp.csproj", "{6BD6129E-B98E-4B1A-9D9F-48C4515A143D}"
EndProject
Global
	GlobalSection(SolutionConfigurationPlatforms) = preSolution
		Debug|Any CPU = Debug|Any CPU
		Release|Any CPU = Release|Any CPU
	EndGlobalSection
	GlobalSection(ProjectConfigurationPlatforms) = postSolution
		{6BD6129E-B98E-4B1A-9D9F-48C4515A143D}.Debug|Any CPU.ActiveCfg = Debug|Any CPU
		{6BD6129E-B98E-4B1A-9D9F-48C4515A143D}.Debug|Any CPU.Build.0 = Debug|Any CPU
		{6BD6129E-B98E-4B1A-9D9F-48C4515A143D}.Release|Any CPU.ActiveCfg = Release|Any CPU
		{6BD6129E-B98E-4B1A-9D9F-48C4515A143D}.Release|Any CPU.Build.0 = Release|Any CPU
	EndGlobalSection
	GlobalSection(SolutionProperties) = preSolution
		HideSolutionNode = FALSE
	EndGlobalSection
	GlobalSection(ExtensibilityGlobals) = postSolution
		SolutionGuid = {3823255E-BA3F-4D37-9AA7-0245881605F5}
	EndGlobalSection
EndGlobal
